
Microsoft Visual Studio Solution File, Format Version 12.00
# Visual Studio Version 16
VisualStudioVersion = 16.0.31624.102
MinimumVisualStudioVersion = 10.0.40219.1
Project("{FAE04EC0-301F-11D3-BF4B-00C04F79EFBC}") = "Ucus_Rezervasyon_Sistemi", "Ucus_Rezervasyon_Sistemi\Ucus_Rezervasyon_Sistemi.csproj", "{6CA7FC1A-6FD3-4A1B-8024-7FD47C75AD94}"
EndProject
Global
	GlobalSection(SolutionConfigurationPlatforms) = preSolution
		Debug|Any CPU = Debug|Any CPU
		Release|Any CPU = Release|Any CPU
	EndGlobalSection
	GlobalSection(ProjectConfigurationPlatforms) = postSolution
		{6CA7FC1A-6FD3-4A1B-8024-7FD47C75AD94}.Debug|Any CPU.ActiveCfg = Debug|Any CPU
		{6CA7FC1A-6FD3-4A1B-8024-7FD47C75AD94}.Debug|Any CPU.Build.0 = Debug|Any CPU
		{6CA7FC1A-6FD3-4A1B-8024-7FD47C75AD94}.Release|Any CPU.ActiveCfg = Release|Any CPU
		{6CA7FC1A-6FD3-4A1B-8024-7FD47C75AD94}.Release|Any CPU.Build.0 = Release|Any CPU
	EndGlobalSection
	GlobalSection(SolutionProperties) = preSolution
		HideSolutionNode = FALSE
	EndGlobalSection
	GlobalSection(ExtensibilityGlobals) = postSolution
		SolutionGuid = {9C9F681A-C5BF-4ADA-9FC4-323B7E984AB2}
	EndGlobalSection
EndGlobal
